// !$*UTF8*$!
{
	archiveVersion = 1;
	classes = {
	};
	objectVersion = 46;
	objects = {

/* Begin PBXBuildFile section */
		804AC1A7576D49E46A7BBCF6 /* Pods_ToDoRealm.framework in Frameworks */ = {isa = PBXBuildFile; fileRef = 764DF84CA57FAC159EC5E1C4 /* Pods_ToDoRealm.framework */; };
		D878EA5C1F5E267400194141 /* AppDelegate.swift in Sources */ = {isa = PBXBuildFile; fileRef = D878EA5B1F5E267400194141 /* AppDelegate.swift */; };
		D878EA5E1F5E267400194141 /* ViewController.swift in Sources */ = {isa = PBXBuildFile; fileRef = D878EA5D1F5E267400194141 /* ViewController.swift */; };
		D878EA611F5E267400194141 /* Main.storyboard in Resources */ = {isa = PBXBuildFile; fileRef = D878EA5F1F5E267400194141 /* Main.storyboard */; };
		D878EA631F5E267400194141 /* Assets.xcassets in Resources */ = {isa = PBXBuildFile; fileRef = D878EA621F5E267400194141 /* Assets.xcassets */; };
		D878EA661F5E267400194141 /* LaunchScreen.storyboard in Resources */ = {isa = PBXBuildFile; fileRef = D878EA641F5E267400194141 /* LaunchScreen.storyboard */; };
		D878EA6E1F5E26DF00194141 /* Task.swift in Sources */ = {isa = PBXBuildFile; fileRef = D878EA6D1F5E26DF00194141 /* Task.swift */; };
		D878EA701F5E2B2E00194141 /* ListCell.xib in Resources */ = {isa = PBXBuildFile; fileRef = D878EA6F1F5E2B2E00194141 /* ListCell.xib */; };
		D878EA721F5E2B8400194141 /* TaskCell.xib in Resources */ = {isa = PBXBuildFile; fileRef = D878EA711F5E2B8400194141 /* TaskCell.xib */; };
		D878EA741F5E2BDC00194141 /* ListCell.swift in Sources */ = {isa = PBXBuildFile; fileRef = D878EA731F5E2BDC00194141 /* ListCell.swift */; };
		D878EA761F5E2C8D00194141 /* TaskCell.swift in Sources */ = {isa = PBXBuildFile; fileRef = D878EA751F5E2C8D00194141 /* TaskCell.swift */; };
		D878EA981F5E3D4C00194141 /* TaskListVC.swift in Sources */ = {isa = PBXBuildFile; fileRef = D878EA971F5E3D4C00194141 /* TaskListVC.swift */; };
/* End PBXBuildFile section */

/* Begin PBXFileReference section */
		23B75523AE7C7CE1AA9AA5CB /* Pods-ToDoRealm.debug.xcconfig */ = {isa = PBXFileReference; includeInIndex = 1; lastKnownFileType = text.xcconfig; name = "Pods-ToDoRealm.debug.xcconfig"; path = "Pods/Target Support Files/Pods-ToDoRealm/Pods-ToDoRealm.debug.xcconfig"; sourceTree = "<group>"; };
		764DF84CA57FAC159EC5E1C4 /* Pods_ToDoRealm.framework */ = {isa = PBXFileReference; explicitFileType = wrapper.framework; includeInIndex = 0; path = Pods_ToDoRealm.framework; sourceTree = BUILT_PRODUCTS_DIR; };
		C3BE2EF2FB81B518D433D5DD /* Pods-ToDoRealm.release.xcconfig */ = {isa = PBXFileReference; includeInIndex = 1; lastKnownFileType = text.xcconfig; name = "Pods-ToDoRealm.release.xcconfig"; path = "Pods/Target Support Files/Pods-ToDoRealm/Pods-ToDoRealm.release.xcconfig"; sourceTree = "<group>"; };
		D878EA581F5E267400194141 /* ToDoRealm.app */ = {isa = PBXFileReference; explicitFileType = wrapper.application; includeInIndex = 0; path = ToDoRealm.app; sourceTree = BUILT_PRODUCTS_DIR; };
		D878EA5B1F5E267400194141 /* AppDelegate.swift */ = {isa = PBXFileReference; lastKnownFileType = sourcecode.swift; path = AppDelegate.swift; sourceTree = "<group>"; };
		D878EA5D1F5E267400194141 /* ViewController.swift */ = {isa = PBXFileReference; lastKnownFileType = sourcecode.swift; path = ViewController.swift; sourceTree = "<group>"; };
		D878EA601F5E267400194141 /* Base */ = {isa = PBXFileReference; lastKnownFileType = file.storyboard; name = Base; path = Base.lproj/Main.storyboard; sourceTree = "<group>"; };
		D878EA621F5E267400194141 /* Assets.xcassets */ = {isa = PBXFileReference; lastKnownFileType = folder.assetcatalog; path = Assets.xcassets; sourceTree = "<group>"; };
		D878EA651F5E267400194141 /* Base */ = {isa = PBXFileReference; lastKnownFileType = file.storyboard; name = Base; path = Base.lproj/LaunchScreen.storyboard; sourceTree = "<group>"; };
		D878EA671F5E267400194141 /* Info.plist */ = {isa = PBXFileReference; lastKnownFileType = text.plist.xml; path = Info.plist; sourceTree = "<group>"; };
		D878EA6D1F5E26DF00194141 /* Task.swift */ = {isa = PBXFileReference; fileEncoding = 4; lastKnownFileType = sourcecode.swift; path = Task.swift; sourceTree = "<group>"; };
		D878EA6F1F5E2B2E00194141 /* ListCell.xib */ = {isa = PBXFileReference; fileEncoding = 4; lastKnownFileType = file.xib; path = ListCell.xib; sourceTree = "<group>"; };
		D878EA711F5E2B8400194141 /* TaskCell.xib */ = {isa = PBXFileReference; fileEncoding = 4; lastKnownFileType = file.xib; path = TaskCell.xib; sourceTree = "<group>"; };
		D878EA731F5E2BDC00194141 /* ListCell.swift */ = {isa = PBXFileReference; fileEncoding = 4; lastKnownFileType = sourcecode.swift; path = ListCell.swift; sourceTree = "<group>"; };
		D878EA751F5E2C8D00194141 /* TaskCell.swift */ = {isa = PBXFileReference; fileEncoding = 4; lastKnownFileType = sourcecode.swift; path = TaskCell.swift; sourceTree = "<group>"; };
		D878EA971F5E3D4C00194141 /* TaskListVC.swift */ = {isa = PBXFileReference; fileEncoding = 4; lastKnownFileType = sourcecode.swift; path = TaskListVC.swift; sourceTree = "<group>"; };
/* End PBXFileReference section */

/* Begin PBXFrameworksBuildPhase section */
		D878EA551F5E267400194141 /* Frameworks */ = {
			isa = PBXFrameworksBuildPhase;
			buildActionMask = 2147483647;
			files = (
				804AC1A7576D49E46A7BBCF6 /* Pods_ToDoRealm.framework in Frameworks */,
			);
			runOnlyForDeploymentPostprocessing = 0;
		};
/* End PBXFrameworksBuildPhase section */

/* Begin PBXGroup section */
		79198CE9EF5A17B9CB2FDDCE /* Pods */ = {
			isa = PBXGroup;
			children = (
				23B75523AE7C7CE1AA9AA5CB /* Pods-ToDoRealm.debug.xcconfig */,
				C3BE2EF2FB81B518D433D5DD /* Pods-ToDoRealm.release.xcconfig */,
			);
			name = Pods;
			sourceTree = "<group>";
		};
		96272E1C65AC8C0695D0D415 /* Frameworks */ = {
			isa = PBXGroup;
			children = (
				764DF84CA57FAC159EC5E1C4 /* Pods_ToDoRealm.framework */,
			);
			name = Frameworks;
			sourceTree = "<group>";
		};
		D878EA4F1F5E267400194141 = {
			isa = PBXGroup;
			children = (
				D878EA5A1F5E267400194141 /* ToDoRealm */,
				D878EA591F5E267400194141 /* Products */,
				79198CE9EF5A17B9CB2FDDCE /* Pods */,
				96272E1C65AC8C0695D0D415 /* Frameworks */,
			);
			sourceTree = "<group>";
		};
		D878EA591F5E267400194141 /* Products */ = {
			isa = PBXGroup;
			children = (
				D878EA581F5E267400194141 /* ToDoRealm.app */,
			);
			name = Products;
			sourceTree = "<group>";
		};
		D878EA5A1F5E267400194141 /* ToDoRealm */ = {
			isa = PBXGroup;
			children = (
				D878EA5B1F5E267400194141 /* AppDelegate.swift */,
				D878EA5D1F5E267400194141 /* ViewController.swift */,
				D878EA5F1F5E267400194141 /* Main.storyboard */,
				D878EA621F5E267400194141 /* Assets.xcassets */,
				D878EA641F5E267400194141 /* LaunchScreen.storyboard */,
				D878EA671F5E267400194141 /* Info.plist */,
				D878EA6D1F5E26DF00194141 /* Task.swift */,
				D878EA6F1F5E2B2E00194141 /* ListCell.xib */,
				D878EA751F5E2C8D00194141 /* TaskCell.swift */,
				D878EA711F5E2B8400194141 /* TaskCell.xib */,
				D878EA731F5E2BDC00194141 /* ListCell.swift */,
				D878EA971F5E3D4C00194141 /* TaskListVC.swift */,
			);
			path = ToDoRealm;
			sourceTree = "<group>";
		};
/* End PBXGroup section */

/* Begin PBXNativeTarget section */
		D878EA571F5E267400194141 /* ToDoRealm */ = {
			isa = PBXNativeTarget;
			buildConfigurationList = D878EA6A1F5E267400194141 /* Build configuration list for PBXNativeTarget "ToDoRealm" */;
			buildPhases = (
				7852F011A716CFAB998D5982 /* [CP] Check Pods Manifest.lock */,
				D878EA541F5E267400194141 /* Sources */,
				D878EA551F5E267400194141 /* Frameworks */,
				D878EA561F5E267400194141 /* Resources */,
				F012B6E944850A30DE3E53D5 /* [CP] Embed Pods Frameworks */,
				A4ADA4BEB7ACFBB6F4FD169D /* [CP] Copy Pods Resources */,
			);
			buildRules = (
			);
			dependencies = (
			);
			name = ToDoRealm;
			productName = ToDoRealm;
			productReference = D878EA581F5E267400194141 /* ToDoRealm.app */;
			productType = "com.apple.product-type.application";
		};
/* End PBXNativeTarget section */

/* Begin PBXProject section */
		D878EA501F5E267400194141 /* Project object */ = {
			isa = PBXProject;
			attributes = {
				LastSwiftUpdateCheck = 0830;
				LastUpgradeCheck = 0830;
				ORGANIZATIONNAME = "Ashley Ng";
				TargetAttributes = {
					D878EA571F5E267400194141 = {
						CreatedOnToolsVersion = 8.3.3;
						DevelopmentTeam = TCYT7HZQSV;
						ProvisioningStyle = Automatic;
					};
				};
			};
			buildConfigurationList = D878EA531F5E267400194141 /* Build configuration list for PBXProject "ToDoRealm" */;
			compatibilityVersion = "Xcode 3.2";
			developmentRegion = English;
			hasScannedForEncodings = 0;
			knownRegions = (
				en,
				Base,
			);
			mainGroup = D878EA4F1F5E267400194141;
			productRefGroup = D878EA591F5E267400194141 /* Products */;
			projectDirPath = "";
			projectRoot = "";
			targets = (
				D878EA571F5E267400194141 /* ToDoRealm */,
			);
		};
/* End PBXProject section */

/* Begin PBXResourcesBuildPhase section */
		D878EA561F5E267400194141 /* Resources */ = {
			isa = PBXResourcesBuildPhase;
			buildActionMask = 2147483647;
			files = (
				D878EA661F5E267400194141 /* LaunchScreen.storyboard in Resources */,
				D878EA721F5E2B8400194141 /* TaskCell.xib in Resources */,
				D878EA701F5E2B2E00194141 /* ListCell.xib in Resources */,
				D878EA631F5E267400194141 /* Assets.xcassets in Resources */,
				D878EA611F5E267400194141 /* Main.storyboard in Resources */,
			);
			runOnlyForDeploymentPostprocessing = 0;
		};
/* End PBXResourcesBuildPhase section */

/* Begin PBXShellScriptBuildPhase section */
		7852F011A716CFAB998D5982 /* [CP] Check Pods Manifest.lock */ = {
			isa = PBXShellScriptBuildPhase;
			buildActionMask = 2147483647;
			files = (
			);
			inputPaths = (
				"${PODS_PODFILE_DIR_PATH}/Podfile.lock",
				"${PODS_ROOT}/Manifest.lock",
			);
			name = "[CP] Check Pods Manifest.lock";
			outputPaths = (
				"$(DERIVED_FILE_DIR)/Pods-ToDoRealm-checkManifestLockResult.txt",
			);
			runOnlyForDeploymentPostprocessing = 0;
			shellPath = /bin/sh;
			shellScript = "diff \"${PODS_PODFILE_DIR_PATH}/Podfile.lock\" \"${PODS_ROOT}/Manifest.lock\" > /dev/null\nif [ $? != 0 ] ; then\n    # print error to STDERR\n    echo \"error: The sandbox is not in sync with the Podfile.lock. Run 'pod install' or update your CocoaPods installation.\" >&2\n    exit 1\nfi\n# This output is used by Xcode 'outputs' to avoid re-running this script phase.\necho \"SUCCESS\" > \"${SCRIPT_OUTPUT_FILE_0}\"\n";
			showEnvVarsInLog = 0;
		};
		A4ADA4BEB7ACFBB6F4FD169D /* [CP] Copy Pods Resources */ = {
			isa = PBXShellScriptBuildPhase;
			buildActionMask = 2147483647;
			files = (
			);
			inputPaths = (
			);
			name = "[CP] Copy Pods Resources";
			outputPaths = (
			);
			runOnlyForDeploymentPostprocessing = 0;
			shellPath = /bin/sh;
			shellScript = "\"${SRCROOT}/Pods/Target Support Files/Pods-ToDoRealm/Pods-ToDoRealm-resources.sh\"\n";
			showEnvVarsInLog = 0;
		};
		F012B6E944850A30DE3E53D5 /* [CP] Embed Pods Frameworks */ = {
			isa = PBXShellScriptBuildPhase;
			buildActionMask = 2147483647;
			files = (
			);
			inputPaths = (
				"${SRCROOT}/Pods/Target Support Files/Pods-ToDoRealm/Pods-ToDoRealm-frameworks.sh",
				"${BUILT_PRODUCTS_DIR}/Realm/Realm.framework",
				"${BUILT_PRODUCTS_DIR}/RealmSwift/RealmSwift.framework",
			);
			name = "[CP] Embed Pods Frameworks";
			outputPaths = (
				"${TARGET_BUILD_DIR}/${FRAMEWORKS_FOLDER_PATH}/Realm.framework",
				"${TARGET_BUILD_DIR}/${FRAMEWORKS_FOLDER_PATH}/RealmSwift.framework",
			);
			runOnlyForDeploymentPostprocessing = 0;
			shellPath = /bin/sh;
			shellScript = "\"${SRCROOT}/Pods/Target Support Files/Pods-ToDoRealm/Pods-ToDoRealm-frameworks.sh\"\n";
			showEnvVarsInLog = 0;
		};
/* End PBXShellScriptBuildPhase section */

/* Begin PBXSourcesBuildPhase section */
		D878EA541F5E267400194141 /* Sources */ = {
			isa = PBXSourcesBuildPhase;
			buildActionMask = 2147483647;
			files = (
				D878EA5E1F5E267400194141 /* ViewController.swift in Sources */,
				D878EA981F5E3D4C00194141 /* TaskListVC.swift in Sources */,
				D878EA741F5E2BDC00194141 /* ListCell.swift in Sources */,
				D878EA6E1F5E26DF00194141 /* Task.swift in Sources */,
				D878EA5C1F5E267400194141 /* AppDelegate.swift in Sources */,
				D878EA761F5E2C8D00194141 /* TaskCell.swift in Sources */,
			);
			runOnlyForDeploymentPostprocessing = 0;
		};
/* End PBXSourcesBuildPhase section */

/* Begin PBXVariantGroup section */
		D878EA5F1F5E267400194141 /* Main.storyboard */ = {
			isa = PBXVariantGroup;
			children = (
				D878EA601F5E267400194141 /* Base */,
			);
			name = Main.storyboard;
			sourceTree = "<group>";
		};
		D878EA641F5E267400194141 /* LaunchScreen.storyboard */ = {
			isa = PBXVariantGroup;
			children = (
				D878EA651F5E267400194141 /* Base */,
			);
			name = LaunchScreen.storyboard;
			sourceTree = "<group>";
		};
/* End PBXVariantGroup section */

/* Begin XCBuildConfiguration section */
		D878EA681F5E267400194141 /* Debug */ = {
			isa = XCBuildConfiguration;
			buildSettings = {
				ALWAYS_SEARCH_USER_PATHS = NO;
				CLANG_ANALYZER_NONNULL = YES;
				CLANG_ANALYZER_NUMBER_OBJECT_CONVERSION = YES_AGGRESSIVE;
				CLANG_CXX_LANGUAGE_STANDARD = "gnu++0x";
				CLANG_CXX_LIBRARY = "libc++";
				CLANG_ENABLE_MODULES = YES;
				CLANG_ENABLE_OBJC_ARC = YES;
				CLANG_WARN_BOOL_CONVERSION = YES;
				CLANG_WARN_CONSTANT_CONVERSION = YES;
				CLANG_WARN_DIRECT_OBJC_ISA_USAGE = YES_ERROR;
				CLANG_WARN_DOCUMENTATION_COMMENTS = YES;
				CLANG_WARN_EMPTY_BODY = YES;
				CLANG_WARN_ENUM_CONVERSION = YES;
				CLANG_WARN_INFINITE_RECURSION = YES;
				CLANG_WARN_INT_CONVERSION = YES;
				CLANG_WARN_OBJC_ROOT_CLASS = YES_ERROR;
				CLANG_WARN_SUSPICIOUS_MOVE = YES;
				CLANG_WARN_UNREACHABLE_CODE = YES;
				CLANG_WARN__DUPLICATE_METHOD_MATCH = YES;
				"CODE_SIGN_IDENTITY[sdk=iphoneos*]" = "iPhone Developer";
				COPY_PHASE_STRIP = NO;
				DEBUG_INFORMATION_FORMAT = dwarf;
				ENABLE_STRICT_OBJC_MSGSEND = YES;
				ENABLE_TESTABILITY = YES;
				GCC_C_LANGUAGE_STANDARD = gnu99;
				GCC_DYNAMIC_NO_PIC = NO;
				GCC_NO_COMMON_BLOCKS = YES;
				GCC_OPTIMIZATION_LEVEL = 0;
				GCC_PREPROCESSOR_DEFINITIONS = (
					"DEBUG=1",
					"$(inherited)",
				);
				GCC_WARN_64_TO_32_BIT_CONVERSION = YES;
				GCC_WARN_ABOUT_RETURN_TYPE = YES_ERROR;
				GCC_WARN_UNDECLARED_SELECTOR = YES;
				GCC_WARN_UNINITIALIZED_AUTOS = YES_AGGRESSIVE;
				GCC_WARN_UNUSED_FUNCTION = YES;
				GCC_WARN_UNUSED_VARIABLE = YES;
				IPHONEOS_DEPLOYMENT_TARGET = 10.3;
				MTL_ENABLE_DEBUG_INFO = YES;
				ONLY_ACTIVE_ARCH = YES;
				SDKROOT = iphoneos;
				SWIFT_ACTIVE_COMPILATION_CONDITIONS = DEBUG;
				SWIFT_OPTIMIZATION_LEVEL = "-Onone";
				TARGETED_DEVICE_FAMILY = "1,2";
			};
			name = Debug;
		};
		D878EA691F5E267400194141 /* Release */ = {
			isa = XCBuildConfiguration;
			buildSettings = {
				ALWAYS_SEARCH_USER_PATHS = NO;
				CLANG_ANALYZER_NONNULL = YES;
				CLANG_ANALYZER_NUMBER_OBJECT_CONVERSION = YES_AGGRESSIVE;
				CLANG_CXX_LANGUAGE_STANDARD = "gnu++0x";
				CLANG_CXX_LIBRARY = "libc++";
				CLANG_ENABLE_MODULES = YES;
				CLANG_ENABLE_OBJC_ARC = YES;
				CLANG_WARN_BOOL_CONVERSION = YES;
				CLANG_WARN_CONSTANT_CONVERSION = YES;
				CLANG_WARN_DIRECT_OBJC_ISA_USAGE = YES_ERROR;
				CLANG_WARN_DOCUMENTATION_COMMENTS = YES;
				CLANG_WARN_EMPTY_BODY = YES;
				CLANG_WARN_ENUM_CONVERSION = YES;
				CLANG_WARN_INFINITE_RECURSION = YES;
				CLANG_WARN_INT_CONVERSION = YES;
				CLANG_WARN_OBJC_ROOT_CLASS = YES_ERROR;
				CLANG_WARN_SUSPICIOUS_MOVE = YES;
				CLANG_WARN_UNREACHABLE_CODE = YES;
				CLANG_WARN__DUPLICATE_METHOD_MATCH = YES;
				"CODE_SIGN_IDENTITY[sdk=iphoneos*]" = "iPhone Developer";
				COPY_PHASE_STRIP = NO;
				DEBUG_INFORMATION_FORMAT = "dwarf-with-dsym";
				ENABLE_NS_ASSERTIONS = NO;
				ENABLE_STRICT_OBJC_MSGSEND = YES;
				GCC_C_LANGUAGE_STANDARD = gnu99;
				GCC_NO_COMMON_BLOCKS = YES;
				GCC_WARN_64_TO_32_BIT_CONVERSION = YES;
				GCC_WARN_ABOUT_RETURN_TYPE = YES_ERROR;
				GCC_WARN_UNDECLARED_SELECTOR = YES;
				GCC_WARN_UNINITIALIZED_AUTOS = YES_AGGRESSIVE;
				GCC_WARN_UNUSED_FUNCTION = YES;
				GCC_WARN_UNUSED_VARIABLE = YES;
				IPHONEOS_DEPLOYMENT_TARGET = 10.3;
				MTL_ENABLE_DEBUG_INFO = NO;
				SDKROOT = iphoneos;
				SWIFT_OPTIMIZATION_LEVEL = "-Owholemodule";
				TARGETED_DEVICE_FAMILY = "1,2";
				VALIDATE_PRODUCT = YES;
			};
			name = Release;
		};
		D878EA6B1F5E267400194141 /* Debug */ = {
			isa = XCBuildConfiguration;
			baseConfigurationReference = 23B75523AE7C7CE1AA9AA5CB /* Pods-ToDoRealm.debug.xcconfig */;
			buildSettings = {
				ASSETCATALOG_COMPILER_APPICON_NAME = AppIcon;
				DEVELOPMENT_TEAM = TCYT7HZQSV;
				INFOPLIST_FILE = ToDoRealm/Info.plist;
				LD_RUNPATH_SEARCH_PATHS = "$(inherited) @executable_path/Frameworks";
				PRODUCT_BUNDLE_IDENTIFIER = ashleyng.ToDoRealm;
				PRODUCT_NAME = "$(TARGET_NAME)";
				SWIFT_VERSION = 3.0;
			};
			name = Debug;
		};
		D878EA6C1F5E267400194141 /* Release */ = {
			isa = XCBuildConfiguration;
			baseConfigurationReference = C3BE2EF2FB81B518D433D5DD /* Pods-ToDoRealm.release.xcconfig */;
			buildSettings = {
				ASSETCATALOG_COMPILER_APPICON_NAME = AppIcon;
				DEVELOPMENT_TEAM = TCYT7HZQSV;
				INFOPLIST_FILE = ToDoRealm/Info.plist;
				LD_RUNPATH_SEARCH_PATHS = "$(inherited) @executable_path/Frameworks";
				PRODUCT_BUNDLE_IDENTIFIER = ashleyng.ToDoRealm;
				PRODUCT_NAME = "$(TARGET_NAME)";
				SWIFT_VERSION = 3.0;
			};
			name = Release;
		};
/* End XCBuildConfiguration section */

/* Begin XCConfigurationList section */
		D878EA531F5E267400194141 /* Build configuration list for PBXProject "ToDoRealm" */ = {
			isa = XCConfigurationList;
			buildConfigurations = (
				D878EA681F5E267400194141 /* Debug */,
				D878EA691F5E267400194141 /* Release */,
			);
			defaultConfigurationIsVisible = 0;
			defaultConfigurationName = Release;
		};
		D878EA6A1F5E267400194141 /* Build configuration list for PBXNativeTarget "ToDoRealm" */ = {
			isa = XCConfigurationList;
			buildConfigurations = (
				D878EA6B1F5E267400194141 /* Debug */,
				D878EA6C1F5E267400194141 /* Release */,
			);
			defaultConfigurationIsVisible = 0;
			defaultConfigurationName = Release;
		};
/* End XCConfigurationList section */
	};
	rootObject = D878EA501F5E267400194141 /* Project object */;
}
